
Microsoft Visual Studio Solution File, Format Version 12.00
# Visual Studio Version 17
VisualStudioVersion = 17.5.002.0
MinimumVisualStudioVersion = 10.0.40219.1
Project("{9A19103F-16F7-4668-BE54-9A1E7A4F7556}") = "ges_dette_csharpApp", "ges_dette_csharpApp.csproj", "{964BCB0E-6849-49CD-9AE4-FF7D0A5689E4}"
EndProject
Global
	GlobalSection(SolutionConfigurationPlatforms) = preSolution
		Debug|Any CPU = Debug|Any CPU
		Release|Any CPU = Release|Any CPU
	EndGlobalSection
	GlobalSection(ProjectConfigurationPlatforms) = postSolution
		{964BCB0E-6849-49CD-9AE4-FF7D0A5689E4}.Debug|Any CPU.ActiveCfg = Debug|Any CPU
		{964BCB0E-6849-49CD-9AE4-FF7D0A5689E4}.Debug|Any CPU.Build.0 = Debug|Any CPU
		{964BCB0E-6849-49CD-9AE4-FF7D0A5689E4}.Release|Any CPU.ActiveCfg = Release|Any CPU
		{964BCB0E-6849-49CD-9AE4-FF7D0A5689E4}.Release|Any CPU.Build.0 = Release|Any CPU
	EndGlobalSection
	GlobalSection(SolutionProperties) = preSolution
		HideSolutionNode = FALSE
	EndGlobalSection
	GlobalSection(ExtensibilityGlobals) = postSolution
		SolutionGuid = {FA5A20CD-E4F3-431F-98D9-93D3E181806B}
	EndGlobalSection
EndGlobal
